
Microsoft Visual Studio Solution File, Format Version 12.00
# Visual Studio 15
VisualStudioVersion = 15.0.27703.2026
MinimumVisualStudioVersion = 10.0.40219.1
Project("{FAE04EC0-301F-11D3-BF4B-00C04F79EFBC}") = "Dynamic Layered Deep Learning Network", "Dynamic Layered Deep Learning Network\Dynamic Layered Deep Learning Network.csproj", "{6FCDD0F2-57FB-4919-9FB2-537DAE850F3C}"
EndProject
Global
	GlobalSection(SolutionConfigurationPlatforms) = preSolution
		Debug|Any CPU = Debug|Any CPU
		Release|Any CPU = Release|Any CPU
	EndGlobalSection
	GlobalSection(ProjectConfigurationPlatforms) = postSolution
		{6FCDD0F2-57FB-4919-9FB2-537DAE850F3C}.Debug|Any CPU.ActiveCfg = Debug|Any CPU
		{6FCDD0F2-57FB-4919-9FB2-537DAE850F3C}.Debug|Any CPU.Build.0 = Debug|Any CPU
		{6FCDD0F2-57FB-4919-9FB2-537DAE850F3C}.Release|Any CPU.ActiveCfg = Release|Any CPU
		{6FCDD0F2-57FB-4919-9FB2-537DAE850F3C}.Release|Any CPU.Build.0 = Release|Any CPU
	EndGlobalSection
	GlobalSection(SolutionProperties) = preSolution
		HideSolutionNode = FALSE
	EndGlobalSection
	GlobalSection(ExtensibilityGlobals) = postSolution
		SolutionGuid = {168EB6A8-EF6D-43B0-87D9-66C6E841DBF4}
	EndGlobalSection
EndGlobal
